{
  "name": "pictopy",
  "version": "0.0.0",
  "lockfileVersion": 3,
  "requires": true,
  "packages": {
    "": {
      "name": "pictopy",
      "version": "0.0.0",
      "dependencies": {
        "react-cropper": "^2.3.3"
      },
      "devDependencies": {
        "husky": "^9.1.7"
      }
    },
    "node_modules/cropperjs": {
      "version": "1.6.2",
      "resolved": "https://registry.npmjs.org/cropperjs/-/cropperjs-1.6.2.tgz",
      "integrity": "sha512-nhymn9GdnV3CqiEHJVai54TULFAE3VshJTXSqSJKa8yXAKyBKDWdhHarnlIPrshJ0WMFTGuFvG02YjLXfPiuOA==",
      "license": "MIT"
    },
    "node_modules/husky": {
      "version": "9.1.7",
      "resolved": "https://registry.npmjs.org/husky/-/husky-9.1.7.tgz",
      "integrity": "sha512-5gs5ytaNjBrh5Ow3zrvdUUY+0VxIuWVL4i9irt6friV+BqdCfmV11CQTWMiBYWHbXhco+J1kHfTOUkePhCDvMA==",
      "dev": true,
      "license": "MIT",
      "bin": {
        "husky": "bin.js"
      },
      "engines": {
        "node": ">=18"
      },
      "funding": {
        "url": "https://github.com/sponsors/typicode"
      }
    },
    "node_modules/react": {
      "version": "19.0.0",
      "resolved": "https://registry.npmjs.org/react/-/react-19.0.0.tgz",
      "integrity": "sha512-V8AVnmPIICiWpGfm6GLzCR/W5FXLchHop40W4nXBmdlEceh16rCN8O8LNWm5bh5XUX91fh7KpA+W0TgMKmgTpQ==",
      "license": "MIT",
      "peer": true,
      "engines": {
        "node": ">=0.10.0"
      }
    },
    "node_modules/react-cropper": {
      "version": "2.3.3",
      "resolved": "https://registry.npmjs.org/react-cropper/-/react-cropper-2.3.3.tgz",
      "integrity": "sha512-zghiEYkUb41kqtu+2jpX2Ntigf+Jj1dF9ew4lAobPzI2adaPE31z0p+5TcWngK6TvmWQUwK3lj4G+NDh1PDQ1w==",
      "license": "MIT",
      "dependencies": {
        "cropperjs": "^1.5.13"
      },
      "peerDependencies": {
        "react": ">=17.0.2"
      }
    }
  }
}
